
Microsoft Visual Studio Solution File, Format Version 12.00
# Visual Studio 15
VisualStudioVersion = 15.0.28307.1401
MinimumVisualStudioVersion = 10.0.40219.1
Project("{2150E333-8FDC-42A3-9474-1A3956D46DE8}") = "Reference", "Reference", "{28E1C153-223E-42A7-A3E3-776412286F8F}"
	ProjectSection(SolutionItems) = preProject
		reference.testsettings = reference.testsettings
	EndProjectSection
EndProject
Project("{FAE04EC0-301F-11D3-BF4B-00C04F79EFBC}") = "Transport.Pages.UI.Objects", "Transport.Pages.UI.Objects\Transport.Pages.UI.Objects.csproj", "{1A732691-07C7-4932-ADD3-2332410E1FD5}"
EndProject
Project("{FAE04EC0-301F-11D3-BF4B-00C04F79EFBC}") = "Transport.Pages.UI.Framework", "Transport.Pages.UI.Framework\Transport.Pages.UI.Framework.csproj", "{E9CD32D7-6767-4C08-81D3-A69C72AABA57}"
EndProject
Project("{FAE04EC0-301F-11D3-BF4B-00C04F79EFBC}") = "Transport.Pages.UI.Test", "Transport.Pages.UI.Test\Transport.Pages.UI.Test.csproj", "{5F9528BF-F8C9-4ABE-97ED-FA98E87427B0}"
EndProject
Global
	GlobalSection(SolutionConfigurationPlatforms) = preSolution
		Debug|Any CPU = Debug|Any CPU
		Release|Any CPU = Release|Any CPU
	EndGlobalSection
	GlobalSection(ProjectConfigurationPlatforms) = postSolution
		{1A732691-07C7-4932-ADD3-2332410E1FD5}.Debug|Any CPU.ActiveCfg = Debug|Any CPU
		{1A732691-07C7-4932-ADD3-2332410E1FD5}.Debug|Any CPU.Build.0 = Debug|Any CPU
		{1A732691-07C7-4932-ADD3-2332410E1FD5}.Release|Any CPU.ActiveCfg = Release|Any CPU
		{1A732691-07C7-4932-ADD3-2332410E1FD5}.Release|Any CPU.Build.0 = Release|Any CPU
		{E9CD32D7-6767-4C08-81D3-A69C72AABA57}.Debug|Any CPU.ActiveCfg = Debug|Any CPU
		{E9CD32D7-6767-4C08-81D3-A69C72AABA57}.Debug|Any CPU.Build.0 = Debug|Any CPU
		{E9CD32D7-6767-4C08-81D3-A69C72AABA57}.Release|Any CPU.ActiveCfg = Release|Any CPU
		{E9CD32D7-6767-4C08-81D3-A69C72AABA57}.Release|Any CPU.Build.0 = Release|Any CPU
		{5F9528BF-F8C9-4ABE-97ED-FA98E87427B0}.Debug|Any CPU.ActiveCfg = Debug|Any CPU
		{5F9528BF-F8C9-4ABE-97ED-FA98E87427B0}.Debug|Any CPU.Build.0 = Debug|Any CPU
		{5F9528BF-F8C9-4ABE-97ED-FA98E87427B0}.Release|Any CPU.ActiveCfg = Release|Any CPU
		{5F9528BF-F8C9-4ABE-97ED-FA98E87427B0}.Release|Any CPU.Build.0 = Release|Any CPU
	EndGlobalSection
	GlobalSection(SolutionProperties) = preSolution
		HideSolutionNode = FALSE
	EndGlobalSection
	GlobalSection(ExtensibilityGlobals) = postSolution
		SolutionGuid = {6FB28A21-C288-4840-896C-0325F7303263}
	EndGlobalSection
EndGlobal
